
Microsoft Visual Studio Solution File, Format Version 12.00
# Visual Studio Version 16
VisualStudioVersion = 16.0.29306.81
MinimumVisualStudioVersion = 10.0.40219.1
Project("{FAE04EC0-301F-11D3-BF4B-00C04F79EFBC}") = "QLSach", "QLSach.csproj", "{BEE9B71D-58E1-4310-AAF8-8F8C20B8004C}"
EndProject
Project("{FAE04EC0-301F-11D3-BF4B-00C04F79EFBC}") = "QLSachApp", "..\QLSachApp\QLSachApp.csproj", "{4A9DA007-EF28-4BF0-BCA8-3E1150473C1A}"
EndProject
Global
	GlobalSection(SolutionConfigurationPlatforms) = preSolution
		Debug|Any CPU = Debug|Any CPU
		Release|Any CPU = Release|Any CPU
	EndGlobalSection
	GlobalSection(ProjectConfigurationPlatforms) = postSolution
		{BEE9B71D-58E1-4310-AAF8-8F8C20B8004C}.Debug|Any CPU.ActiveCfg = Debug|Any CPU
		{BEE9B71D-58E1-4310-AAF8-8F8C20B8004C}.Debug|Any CPU.Build.0 = Debug|Any CPU
		{BEE9B71D-58E1-4310-AAF8-8F8C20B8004C}.Release|Any CPU.ActiveCfg = Release|Any CPU
		{BEE9B71D-58E1-4310-AAF8-8F8C20B8004C}.Release|Any CPU.Build.0 = Release|Any CPU
		{4A9DA007-EF28-4BF0-BCA8-3E1150473C1A}.Debug|Any CPU.ActiveCfg = Debug|Any CPU
		{4A9DA007-EF28-4BF0-BCA8-3E1150473C1A}.Debug|Any CPU.Build.0 = Debug|Any CPU
		{4A9DA007-EF28-4BF0-BCA8-3E1150473C1A}.Release|Any CPU.ActiveCfg = Release|Any CPU
		{4A9DA007-EF28-4BF0-BCA8-3E1150473C1A}.Release|Any CPU.Build.0 = Release|Any CPU
	EndGlobalSection
	GlobalSection(SolutionProperties) = preSolution
		HideSolutionNode = FALSE
	EndGlobalSection
	GlobalSection(ExtensibilityGlobals) = postSolution
		SolutionGuid = {301CF8C0-B74A-4001-B666-6D355D7229C6}
	EndGlobalSection
EndGlobal
